// !$*UTF8*$!
{
	archiveVersion = 1;
	classes = {
	};
	objectVersion = 56;
	objects = {

/* Begin PBXBuildFile section */
		441DF7EA2A9FD2CD005AC874 /* HomeViewCollectionViewCell.swift in Sources */ = {isa = PBXBuildFile; fileRef = 441DF7E92A9FD2CD005AC874 /* HomeViewCollectionViewCell.swift */; };
		441DF7EC2A9FD2FA005AC874 /* SupplementaryView.swift in Sources */ = {isa = PBXBuildFile; fileRef = 441DF7EB2A9FD2FA005AC874 /* SupplementaryView.swift */; };
		441DF7EE2A9FD629005AC874 /* StatisticViewController.swift in Sources */ = {isa = PBXBuildFile; fileRef = 441DF7ED2A9FD629005AC874 /* StatisticViewController.swift */; };
		444B90042AA9C77F0013D8FA /* NewHabitViewController.swift in Sources */ = {isa = PBXBuildFile; fileRef = 444B90032AA9C77F0013D8FA /* NewHabitViewController.swift */; };
		444B90062AA9D3280013D8FA /* TextFieldWithPadding.swift in Sources */ = {isa = PBXBuildFile; fileRef = 444B90052AA9D3280013D8FA /* TextFieldWithPadding.swift */; };
		444B90082AAA13840013D8FA /* SeparatorView.swift in Sources */ = {isa = PBXBuildFile; fileRef = 444B90072AAA13840013D8FA /* SeparatorView.swift */; };
		447C66102AAF4D95002725ED /* AddScheduleViewCell.swift in Sources */ = {isa = PBXBuildFile; fileRef = 447C660F2AAF4D95002725ED /* AddScheduleViewCell.swift */; };
		449AA5232A97E876008D8D8E /* AppDelegate.swift in Sources */ = {isa = PBXBuildFile; fileRef = 449AA5222A97E876008D8D8E /* AppDelegate.swift */; };
		449AA5252A97E876008D8D8E /* SceneDelegate.swift in Sources */ = {isa = PBXBuildFile; fileRef = 449AA5242A97E876008D8D8E /* SceneDelegate.swift */; };
		449AA52C2A97E877008D8D8E /* Assets.xcassets in Resources */ = {isa = PBXBuildFile; fileRef = 449AA52B2A97E877008D8D8E /* Assets.xcassets */; };
		449AA52F2A97E877008D8D8E /* LaunchScreen.storyboard in Resources */ = {isa = PBXBuildFile; fileRef = 449AA52D2A97E877008D8D8E /* LaunchScreen.storyboard */; };
		449C744D2AAB2EE40088BB4A /* EmojiAndColorsArrayViewCell.swift in Sources */ = {isa = PBXBuildFile; fileRef = 449C744C2AAB2EE40088BB4A /* EmojiAndColorsArrayViewCell.swift */; };
		449C744F2AAB39820088BB4A /* EmojiAndColorCellModel.swift in Sources */ = {isa = PBXBuildFile; fileRef = 449C744E2AAB39820088BB4A /* EmojiAndColorCellModel.swift */; };
		44A2F5D02AA88118004B8E3B /* Helpers.swift in Sources */ = {isa = PBXBuildFile; fileRef = 44A2F5CF2AA88118004B8E3B /* Helpers.swift */; };
		44AFD67E2AC3544000A58C27 /* String+Extension.swift in Sources */ = {isa = PBXBuildFile; fileRef = 44AFD67D2AC3544000A58C27 /* String+Extension.swift */; };
		44BC89902A9E76A700C0E23D /* HomeViewConrtoller.swift in Sources */ = {isa = PBXBuildFile; fileRef = 44BC898F2A9E76A700C0E23D /* HomeViewConrtoller.swift */; };
		44BC89932A9E77A400C0E23D /* TabBarController.swift in Sources */ = {isa = PBXBuildFile; fileRef = 44BC89922A9E77A400C0E23D /* TabBarController.swift */; };
		44BC89952A9E7EE300C0E23D /* Tracker.swift in Sources */ = {isa = PBXBuildFile; fileRef = 44BC89942A9E7EE300C0E23D /* Tracker.swift */; };
		44BC89972A9E7F0800C0E23D /* TrackerCategory.swift in Sources */ = {isa = PBXBuildFile; fileRef = 44BC89962A9E7F0800C0E23D /* TrackerCategory.swift */; };
		44BC89992A9E7F2B00C0E23D /* TrackerRecord.swift in Sources */ = {isa = PBXBuildFile; fileRef = 44BC89982A9E7F2B00C0E23D /* TrackerRecord.swift */; };
		44BC899B2A9EA52F00C0E23D /* AddTrackerViewController.swift in Sources */ = {isa = PBXBuildFile; fileRef = 44BC899A2A9EA52F00C0E23D /* AddTrackerViewController.swift */; };
		44BDB22B2AB8961E000FD8DC /* Int+Extension.swift in Sources */ = {isa = PBXBuildFile; fileRef = 44BDB22A2AB8961E000FD8DC /* Int+Extension.swift */; };
		44C30CBF2ABC54C50034FFC0 /* NullStore.swift in Sources */ = {isa = PBXBuildFile; fileRef = 44C30CBE2ABC54C50034FFC0 /* NullStore.swift */; };
		44D3D2D22AB5C0CE006F33FE /* GeometricParams.swift in Sources */ = {isa = PBXBuildFile; fileRef = 44D3D2D12AB5C0CE006F33FE /* GeometricParams.swift */; };
		44D6F1CB2AAB963200567305 /* AddScheduleViewController.swift in Sources */ = {isa = PBXBuildFile; fileRef = 44D6F1CA2AAB963200567305 /* AddScheduleViewController.swift */; };
		44D91E412ABAECDD00BAB467 /* TrackerCoreDataModel.xcdatamodeld in Sources */ = {isa = PBXBuildFile; fileRef = 44D91E3F2ABAECDD00BAB467 /* TrackerCoreDataModel.xcdatamodeld */; };
		44D91E452ABAF4DB00BAB467 /* TrackerStore.swift in Sources */ = {isa = PBXBuildFile; fileRef = 44D91E442ABAF4DB00BAB467 /* TrackerStore.swift */; };
		44D91E472ABAF4EA00BAB467 /* TrackerCategoryStore.swift in Sources */ = {isa = PBXBuildFile; fileRef = 44D91E462ABAF4EA00BAB467 /* TrackerCategoryStore.swift */; };
		44D91E492ABAF4F900BAB467 /* TrackerRecordStore.swift in Sources */ = {isa = PBXBuildFile; fileRef = 44D91E482ABAF4F900BAB467 /* TrackerRecordStore.swift */; };
		44D91E4B2ABB355D00BAB467 /* DataManager.swift in Sources */ = {isa = PBXBuildFile; fileRef = 44D91E4A2ABB355D00BAB467 /* DataManager.swift */; };
		44D91E4D2ABC37D600BAB467 /* UIColor+Extensions.swift in Sources */ = {isa = PBXBuildFile; fileRef = 44D91E4C2ABC37D500BAB467 /* UIColor+Extensions.swift */; };
		44D91E502ABC3C5600BAB467 /* DataStore.swift in Sources */ = {isa = PBXBuildFile; fileRef = 44D91E4F2ABC3C5600BAB467 /* DataStore.swift */; };
		44DB60822AB8BCEE00E2B40B /* Schedule.swift in Sources */ = {isa = PBXBuildFile; fileRef = 44DB60812AB8BCEE00E2B40B /* Schedule.swift */; };
		44E86F3A2AB5B07100612763 /* TypeTracker.swift in Sources */ = {isa = PBXBuildFile; fileRef = 44E86F392AB5B07100612763 /* TypeTracker.swift */; };
		44FD01512AB388A0002EFC8F /* DayOfWeekExtractor.swift in Sources */ = {isa = PBXBuildFile; fileRef = 44FD01502AB388A0002EFC8F /* DayOfWeekExtractor.swift */; };
		44FD01532AB4F6BC002EFC8F /* Date+Extension.swift in Sources */ = {isa = PBXBuildFile; fileRef = 44FD01522AB4F6BC002EFC8F /* Date+Extension.swift */; };
/* End PBXBuildFile section */

/* Begin PBXFileReference section */
		441DF7E92A9FD2CD005AC874 /* HomeViewCollectionViewCell.swift */ = {isa = PBXFileReference; lastKnownFileType = sourcecode.swift; path = HomeViewCollectionViewCell.swift; sourceTree = "<group>"; };
		441DF7EB2A9FD2FA005AC874 /* SupplementaryView.swift */ = {isa = PBXFileReference; lastKnownFileType = sourcecode.swift; path = SupplementaryView.swift; sourceTree = "<group>"; };
		441DF7ED2A9FD629005AC874 /* StatisticViewController.swift */ = {isa = PBXFileReference; lastKnownFileType = sourcecode.swift; path = StatisticViewController.swift; sourceTree = "<group>"; };
		444B90032AA9C77F0013D8FA /* NewHabitViewController.swift */ = {isa = PBXFileReference; lastKnownFileType = sourcecode.swift; path = NewHabitViewController.swift; sourceTree = "<group>"; };
		444B90052AA9D3280013D8FA /* TextFieldWithPadding.swift */ = {isa = PBXFileReference; lastKnownFileType = sourcecode.swift; path = TextFieldWithPadding.swift; sourceTree = "<group>"; };
		444B90072AAA13840013D8FA /* SeparatorView.swift */ = {isa = PBXFileReference; lastKnownFileType = sourcecode.swift; path = SeparatorView.swift; sourceTree = "<group>"; };
		447C660F2AAF4D95002725ED /* AddScheduleViewCell.swift */ = {isa = PBXFileReference; lastKnownFileType = sourcecode.swift; path = AddScheduleViewCell.swift; sourceTree = "<group>"; };
		449AA51F2A97E876008D8D8E /* Tracker.app */ = {isa = PBXFileReference; explicitFileType = wrapper.application; includeInIndex = 0; path = Tracker.app; sourceTree = BUILT_PRODUCTS_DIR; };
		449AA5222A97E876008D8D8E /* AppDelegate.swift */ = {isa = PBXFileReference; lastKnownFileType = sourcecode.swift; path = AppDelegate.swift; sourceTree = "<group>"; };
		449AA5242A97E876008D8D8E /* SceneDelegate.swift */ = {isa = PBXFileReference; lastKnownFileType = sourcecode.swift; path = SceneDelegate.swift; sourceTree = "<group>"; };
		449AA52B2A97E877008D8D8E /* Assets.xcassets */ = {isa = PBXFileReference; lastKnownFileType = folder.assetcatalog; path = Assets.xcassets; sourceTree = "<group>"; };
		449AA52E2A97E877008D8D8E /* Base */ = {isa = PBXFileReference; lastKnownFileType = file.storyboard; name = Base; path = Base.lproj/LaunchScreen.storyboard; sourceTree = "<group>"; };
		449AA5302A97E877008D8D8E /* Info.plist */ = {isa = PBXFileReference; lastKnownFileType = text.plist.xml; path = Info.plist; sourceTree = "<group>"; };
		449C744C2AAB2EE40088BB4A /* EmojiAndColorsArrayViewCell.swift */ = {isa = PBXFileReference; lastKnownFileType = sourcecode.swift; path = EmojiAndColorsArrayViewCell.swift; sourceTree = "<group>"; };
		449C744E2AAB39820088BB4A /* EmojiAndColorCellModel.swift */ = {isa = PBXFileReference; lastKnownFileType = sourcecode.swift; path = EmojiAndColorCellModel.swift; sourceTree = "<group>"; };
		44A2F5CF2AA88118004B8E3B /* Helpers.swift */ = {isa = PBXFileReference; lastKnownFileType = sourcecode.swift; path = Helpers.swift; sourceTree = "<group>"; };
		44AFD67D2AC3544000A58C27 /* String+Extension.swift */ = {isa = PBXFileReference; lastKnownFileType = sourcecode.swift; path = "String+Extension.swift"; sourceTree = "<group>"; };
		44BC898F2A9E76A700C0E23D /* HomeViewConrtoller.swift */ = {isa = PBXFileReference; lastKnownFileType = sourcecode.swift; path = HomeViewConrtoller.swift; sourceTree = "<group>"; };
		44BC89922A9E77A400C0E23D /* TabBarController.swift */ = {isa = PBXFileReference; lastKnownFileType = sourcecode.swift; path = TabBarController.swift; sourceTree = "<group>"; };
		44BC89942A9E7EE300C0E23D /* Tracker.swift */ = {isa = PBXFileReference; lastKnownFileType = sourcecode.swift; path = Tracker.swift; sourceTree = "<group>"; };
		44BC89962A9E7F0800C0E23D /* TrackerCategory.swift */ = {isa = PBXFileReference; lastKnownFileType = sourcecode.swift; path = TrackerCategory.swift; sourceTree = "<group>"; };
		44BC89982A9E7F2B00C0E23D /* TrackerRecord.swift */ = {isa = PBXFileReference; lastKnownFileType = sourcecode.swift; path = TrackerRecord.swift; sourceTree = "<group>"; };
		44BC899A2A9EA52F00C0E23D /* AddTrackerViewController.swift */ = {isa = PBXFileReference; lastKnownFileType = sourcecode.swift; path = AddTrackerViewController.swift; sourceTree = "<group>"; };
		44BDB22A2AB8961E000FD8DC /* Int+Extension.swift */ = {isa = PBXFileReference; lastKnownFileType = sourcecode.swift; path = "Int+Extension.swift"; sourceTree = "<group>"; };
		44C30CBE2ABC54C50034FFC0 /* NullStore.swift */ = {isa = PBXFileReference; lastKnownFileType = sourcecode.swift; path = NullStore.swift; sourceTree = "<group>"; };
		44D3D2D12AB5C0CE006F33FE /* GeometricParams.swift */ = {isa = PBXFileReference; lastKnownFileType = sourcecode.swift; path = GeometricParams.swift; sourceTree = "<group>"; };
		44D6F1CA2AAB963200567305 /* AddScheduleViewController.swift */ = {isa = PBXFileReference; lastKnownFileType = sourcecode.swift; path = AddScheduleViewController.swift; sourceTree = "<group>"; };
		44D91E402ABAECDD00BAB467 /* TrackerCoreDataModel.xcdatamodel */ = {isa = PBXFileReference; lastKnownFileType = wrapper.xcdatamodel; path = TrackerCoreDataModel.xcdatamodel; sourceTree = "<group>"; };
		44D91E442ABAF4DB00BAB467 /* TrackerStore.swift */ = {isa = PBXFileReference; lastKnownFileType = sourcecode.swift; path = TrackerStore.swift; sourceTree = "<group>"; };
		44D91E462ABAF4EA00BAB467 /* TrackerCategoryStore.swift */ = {isa = PBXFileReference; lastKnownFileType = sourcecode.swift; path = TrackerCategoryStore.swift; sourceTree = "<group>"; };
		44D91E482ABAF4F900BAB467 /* TrackerRecordStore.swift */ = {isa = PBXFileReference; lastKnownFileType = sourcecode.swift; path = TrackerRecordStore.swift; sourceTree = "<group>"; };
		44D91E4A2ABB355D00BAB467 /* DataManager.swift */ = {isa = PBXFileReference; lastKnownFileType = sourcecode.swift; path = DataManager.swift; sourceTree = "<group>"; };
		44D91E4C2ABC37D500BAB467 /* UIColor+Extensions.swift */ = {isa = PBXFileReference; lastKnownFileType = sourcecode.swift; path = "UIColor+Extensions.swift"; sourceTree = "<group>"; };
		44D91E4F2ABC3C5600BAB467 /* DataStore.swift */ = {isa = PBXFileReference; lastKnownFileType = sourcecode.swift; path = DataStore.swift; sourceTree = "<group>"; };
		44DB60812AB8BCEE00E2B40B /* Schedule.swift */ = {isa = PBXFileReference; lastKnownFileType = sourcecode.swift; path = Schedule.swift; sourceTree = "<group>"; };
		44E86F392AB5B07100612763 /* TypeTracker.swift */ = {isa = PBXFileReference; lastKnownFileType = sourcecode.swift; path = TypeTracker.swift; sourceTree = "<group>"; };
		44FD01502AB388A0002EFC8F /* DayOfWeekExtractor.swift */ = {isa = PBXFileReference; lastKnownFileType = sourcecode.swift; path = DayOfWeekExtractor.swift; sourceTree = "<group>"; };
		44FD01522AB4F6BC002EFC8F /* Date+Extension.swift */ = {isa = PBXFileReference; lastKnownFileType = sourcecode.swift; path = "Date+Extension.swift"; sourceTree = "<group>"; };
/* End PBXFileReference section */

/* Begin PBXFrameworksBuildPhase section */
		449AA51C2A97E876008D8D8E /* Frameworks */ = {
			isa = PBXFrameworksBuildPhase;
			buildActionMask = 2147483647;
			files = (
			);
			runOnlyForDeploymentPostprocessing = 0;
		};
/* End PBXFrameworksBuildPhase section */

/* Begin PBXGroup section */
		441DF7E72A9FC79A005AC874 /* HomeView */ = {
			isa = PBXGroup;
			children = (
				44BC898F2A9E76A700C0E23D /* HomeViewConrtoller.swift */,
				441DF7E92A9FD2CD005AC874 /* HomeViewCollectionViewCell.swift */,
				441DF7EB2A9FD2FA005AC874 /* SupplementaryView.swift */,
			);
			path = HomeView;
			sourceTree = "<group>";
		};
		441DF7E82A9FC836005AC874 /* AddTrackerView */ = {
			isa = PBXGroup;
			children = (
				44BC899A2A9EA52F00C0E23D /* AddTrackerViewController.swift */,
			);
			path = AddTrackerView;
			sourceTree = "<group>";
		};
		441DF7EF2A9FD62E005AC874 /* StatisticView */ = {
			isa = PBXGroup;
			children = (
				441DF7ED2A9FD629005AC874 /* StatisticViewController.swift */,
			);
			path = StatisticView;
			sourceTree = "<group>";
		};
		444B90022AA9C75A0013D8FA /* HabitView */ = {
			isa = PBXGroup;
			children = (
				444B90032AA9C77F0013D8FA /* NewHabitViewController.swift */,
				449C744C2AAB2EE40088BB4A /* EmojiAndColorsArrayViewCell.swift */,
			);
			path = HabitView;
			sourceTree = "<group>";
		};
		449AA5162A97E876008D8D8E = {
			isa = PBXGroup;
			children = (
				449AA5212A97E876008D8D8E /* Tracker */,
				449AA5202A97E876008D8D8E /* Products */,
			);
			sourceTree = "<group>";
		};
		449AA5202A97E876008D8D8E /* Products */ = {
			isa = PBXGroup;
			children = (
				449AA51F2A97E876008D8D8E /* Tracker.app */,
			);
			name = Products;
			sourceTree = "<group>";
		};
		449AA5212A97E876008D8D8E /* Tracker */ = {
			isa = PBXGroup;
			children = (
				44D91E432ABAF4CC00BAB467 /* Domain */,
				44D91E4E2ABC3C0300BAB467 /* Core Data */,
				44BC89912A9E771400C0E23D /* TabBar */,
				44BC898C2A9E765100C0E23D /* Model */,
				44BC898B2A9E764000C0E23D /* View */,
				44A2F5CE2AA880E1004B8E3B /* Helpers */,
				449AA5222A97E876008D8D8E /* AppDelegate.swift */,
				449AA5242A97E876008D8D8E /* SceneDelegate.swift */,
				449AA52B2A97E877008D8D8E /* Assets.xcassets */,
				449AA52D2A97E877008D8D8E /* LaunchScreen.storyboard */,
				449AA5302A97E877008D8D8E /* Info.plist */,
				44D91E422ABAF3A300BAB467 /* TrackerCoreDataModel */,
			);
			path = Tracker;
			sourceTree = "<group>";
		};
		44A2F5CE2AA880E1004B8E3B /* Helpers */ = {
			isa = PBXGroup;
			children = (
				44A2F5CF2AA88118004B8E3B /* Helpers.swift */,
				444B90052AA9D3280013D8FA /* TextFieldWithPadding.swift */,
				444B90072AAA13840013D8FA /* SeparatorView.swift */,
				44FD01502AB388A0002EFC8F /* DayOfWeekExtractor.swift */,
				44FD01522AB4F6BC002EFC8F /* Date+Extension.swift */,
				44D3D2D12AB5C0CE006F33FE /* GeometricParams.swift */,
				44BDB22A2AB8961E000FD8DC /* Int+Extension.swift */,
				44D91E4C2ABC37D500BAB467 /* UIColor+Extensions.swift */,
				44AFD67D2AC3544000A58C27 /* String+Extension.swift */,
			);
			path = Helpers;
			sourceTree = "<group>";
		};
		44BC898B2A9E764000C0E23D /* View */ = {
			isa = PBXGroup;
			children = (
				441DF7E82A9FC836005AC874 /* AddTrackerView */,
				44D6F1C92AAB961700567305 /* AddScheduleView */,
				444B90022AA9C75A0013D8FA /* HabitView */,
				441DF7E72A9FC79A005AC874 /* HomeView */,
				441DF7EF2A9FD62E005AC874 /* StatisticView */,
			);
			path = View;
			sourceTree = "<group>";
		};
		44BC898C2A9E765100C0E23D /* Model */ = {
			isa = PBXGroup;
			children = (
				44BC89942A9E7EE300C0E23D /* Tracker.swift */,
				44BC89962A9E7F0800C0E23D /* TrackerCategory.swift */,
				44BC89982A9E7F2B00C0E23D /* TrackerRecord.swift */,
				449C744E2AAB39820088BB4A /* EmojiAndColorCellModel.swift */,
				44E86F392AB5B07100612763 /* TypeTracker.swift */,
				44DB60812AB8BCEE00E2B40B /* Schedule.swift */,
			);
			path = Model;
			sourceTree = "<group>";
		};
		44BC89912A9E771400C0E23D /* TabBar */ = {
			isa = PBXGroup;
			children = (
				44BC89922A9E77A400C0E23D /* TabBarController.swift */,
			);
			path = TabBar;
			sourceTree = "<group>";
		};
		44D6F1C92AAB961700567305 /* AddScheduleView */ = {
			isa = PBXGroup;
			children = (
				44D6F1CA2AAB963200567305 /* AddScheduleViewController.swift */,
				447C660F2AAF4D95002725ED /* AddScheduleViewCell.swift */,
			);
			path = AddScheduleView;
			sourceTree = "<group>";
		};
		44D91E422ABAF3A300BAB467 /* TrackerCoreDataModel */ = {
			isa = PBXGroup;
			children = (
				44D91E3F2ABAECDD00BAB467 /* TrackerCoreDataModel.xcdatamodeld */,
			);
			path = TrackerCoreDataModel;
			sourceTree = "<group>";
		};
		44D91E432ABAF4CC00BAB467 /* Domain */ = {
			isa = PBXGroup;
			children = (
				44D91E4A2ABB355D00BAB467 /* DataManager.swift */,
			);
			path = Domain;
			sourceTree = "<group>";
		};
		44D91E4E2ABC3C0300BAB467 /* Core Data */ = {
			isa = PBXGroup;
			children = (
				44D91E442ABAF4DB00BAB467 /* TrackerStore.swift */,
				44D91E462ABAF4EA00BAB467 /* TrackerCategoryStore.swift */,
				44D91E482ABAF4F900BAB467 /* TrackerRecordStore.swift */,
				44D91E4F2ABC3C5600BAB467 /* DataStore.swift */,
				44C30CBE2ABC54C50034FFC0 /* NullStore.swift */,
			);
			path = "Core Data";
			sourceTree = "<group>";
		};
/* End PBXGroup section */

/* Begin PBXNativeTarget section */
		449AA51E2A97E876008D8D8E /* Tracker */ = {
			isa = PBXNativeTarget;
			buildConfigurationList = 449AA5332A97E877008D8D8E /* Build configuration list for PBXNativeTarget "Tracker" */;
			buildPhases = (
				449AA51B2A97E876008D8D8E /* Sources */,
				449AA51C2A97E876008D8D8E /* Frameworks */,
				449AA51D2A97E876008D8D8E /* Resources */,
			);
			buildRules = (
			);
			dependencies = (
			);
			name = Tracker;
			productName = Tracker;
			productReference = 449AA51F2A97E876008D8D8E /* Tracker.app */;
			productType = "com.apple.product-type.application";
		};
/* End PBXNativeTarget section */

/* Begin PBXProject section */
		449AA5172A97E876008D8D8E /* Project object */ = {
			isa = PBXProject;
			attributes = {
				BuildIndependentTargetsInParallel = 1;
				LastSwiftUpdateCheck = 1430;
				LastUpgradeCheck = 1430;
				TargetAttributes = {
					449AA51E2A97E876008D8D8E = {
						CreatedOnToolsVersion = 14.3.1;
					};
				};
			};
			buildConfigurationList = 449AA51A2A97E876008D8D8E /* Build configuration list for PBXProject "Tracker" */;
			compatibilityVersion = "Xcode 14.0";
			developmentRegion = en;
			hasScannedForEncodings = 0;
			knownRegions = (
				en,
				Base,
			);
			mainGroup = 449AA5162A97E876008D8D8E;
			productRefGroup = 449AA5202A97E876008D8D8E /* Products */;
			projectDirPath = "";
			projectRoot = "";
			targets = (
				449AA51E2A97E876008D8D8E /* Tracker */,
			);
		};
/* End PBXProject section */

/* Begin PBXResourcesBuildPhase section */
		449AA51D2A97E876008D8D8E /* Resources */ = {
			isa = PBXResourcesBuildPhase;
			buildActionMask = 2147483647;
			files = (
				449AA52F2A97E877008D8D8E /* LaunchScreen.storyboard in Resources */,
				449AA52C2A97E877008D8D8E /* Assets.xcassets in Resources */,
			);
			runOnlyForDeploymentPostprocessing = 0;
		};
/* End PBXResourcesBuildPhase section */

/* Begin PBXSourcesBuildPhase section */
		449AA51B2A97E876008D8D8E /* Sources */ = {
			isa = PBXSourcesBuildPhase;
			buildActionMask = 2147483647;
			files = (
				444B90062AA9D3280013D8FA /* TextFieldWithPadding.swift in Sources */,
				44D91E4B2ABB355D00BAB467 /* DataManager.swift in Sources */,
				44D91E412ABAECDD00BAB467 /* TrackerCoreDataModel.xcdatamodeld in Sources */,
				44A2F5D02AA88118004B8E3B /* Helpers.swift in Sources */,
				449C744D2AAB2EE40088BB4A /* EmojiAndColorsArrayViewCell.swift in Sources */,
				44FD01512AB388A0002EFC8F /* DayOfWeekExtractor.swift in Sources */,
				447C66102AAF4D95002725ED /* AddScheduleViewCell.swift in Sources */,
				44BC89972A9E7F0800C0E23D /* TrackerCategory.swift in Sources */,
				44AFD67E2AC3544000A58C27 /* String+Extension.swift in Sources */,
				444B90082AAA13840013D8FA /* SeparatorView.swift in Sources */,
				44D91E492ABAF4F900BAB467 /* TrackerRecordStore.swift in Sources */,
				44BC89902A9E76A700C0E23D /* HomeViewConrtoller.swift in Sources */,
				44D6F1CB2AAB963200567305 /* AddScheduleViewController.swift in Sources */,
				44D91E4D2ABC37D600BAB467 /* UIColor+Extensions.swift in Sources */,
				44E86F3A2AB5B07100612763 /* TypeTracker.swift in Sources */,
				44D91E452ABAF4DB00BAB467 /* TrackerStore.swift in Sources */,
				441DF7EE2A9FD629005AC874 /* StatisticViewController.swift in Sources */,
				44BC899B2A9EA52F00C0E23D /* AddTrackerViewController.swift in Sources */,
				44D91E502ABC3C5600BAB467 /* DataStore.swift in Sources */,
				44BDB22B2AB8961E000FD8DC /* Int+Extension.swift in Sources */,
				44DB60822AB8BCEE00E2B40B /* Schedule.swift in Sources */,
				44BC89932A9E77A400C0E23D /* TabBarController.swift in Sources */,
				44C30CBF2ABC54C50034FFC0 /* NullStore.swift in Sources */,
				44FD01532AB4F6BC002EFC8F /* Date+Extension.swift in Sources */,
				441DF7EC2A9FD2FA005AC874 /* SupplementaryView.swift in Sources */,
				44BC89992A9E7F2B00C0E23D /* TrackerRecord.swift in Sources */,
				44D91E472ABAF4EA00BAB467 /* TrackerCategoryStore.swift in Sources */,
				44D3D2D22AB5C0CE006F33FE /* GeometricParams.swift in Sources */,
				449AA5232A97E876008D8D8E /* AppDelegate.swift in Sources */,
				449C744F2AAB39820088BB4A /* EmojiAndColorCellModel.swift in Sources */,
				449AA5252A97E876008D8D8E /* SceneDelegate.swift in Sources */,
				441DF7EA2A9FD2CD005AC874 /* HomeViewCollectionViewCell.swift in Sources */,
				44BC89952A9E7EE300C0E23D /* Tracker.swift in Sources */,
				444B90042AA9C77F0013D8FA /* NewHabitViewController.swift in Sources */,
			);
			runOnlyForDeploymentPostprocessing = 0;
		};
/* End PBXSourcesBuildPhase section */

/* Begin PBXVariantGroup section */
		449AA52D2A97E877008D8D8E /* LaunchScreen.storyboard */ = {
			isa = PBXVariantGroup;
			children = (
				449AA52E2A97E877008D8D8E /* Base */,
			);
			name = LaunchScreen.storyboard;
			sourceTree = "<group>";
		};
/* End PBXVariantGroup section */

/* Begin XCBuildConfiguration section */
		449AA5312A97E877008D8D8E /* Debug */ = {
			isa = XCBuildConfiguration;
			buildSettings = {
				ALWAYS_SEARCH_USER_PATHS = NO;
				CLANG_ANALYZER_NONNULL = YES;
				CLANG_ANALYZER_NUMBER_OBJECT_CONVERSION = YES_AGGRESSIVE;
				CLANG_CXX_LANGUAGE_STANDARD = "gnu++20";
				CLANG_ENABLE_MODULES = YES;
				CLANG_ENABLE_OBJC_ARC = YES;
				CLANG_ENABLE_OBJC_WEAK = YES;
				CLANG_WARN_BLOCK_CAPTURE_AUTORELEASING = YES;
				CLANG_WARN_BOOL_CONVERSION = YES;
				CLANG_WARN_COMMA = YES;
				CLANG_WARN_CONSTANT_CONVERSION = YES;
				CLANG_WARN_DEPRECATED_OBJC_IMPLEMENTATIONS = YES;
				CLANG_WARN_DIRECT_OBJC_ISA_USAGE = YES_ERROR;
				CLANG_WARN_DOCUMENTATION_COMMENTS = YES;
				CLANG_WARN_EMPTY_BODY = YES;
				CLANG_WARN_ENUM_CONVERSION = YES;
				CLANG_WARN_INFINITE_RECURSION = YES;
				CLANG_WARN_INT_CONVERSION = YES;
				CLANG_WARN_NON_LITERAL_NULL_CONVERSION = YES;
				CLANG_WARN_OBJC_IMPLICIT_RETAIN_SELF = YES;
				CLANG_WARN_OBJC_LITERAL_CONVERSION = YES;
				CLANG_WARN_OBJC_ROOT_CLASS = YES_ERROR;
				CLANG_WARN_QUOTED_INCLUDE_IN_FRAMEWORK_HEADER = YES;
				CLANG_WARN_RANGE_LOOP_ANALYSIS = YES;
				CLANG_WARN_STRICT_PROTOTYPES = YES;
				CLANG_WARN_SUSPICIOUS_MOVE = YES;
				CLANG_WARN_UNGUARDED_AVAILABILITY = YES_AGGRESSIVE;
				CLANG_WARN_UNREACHABLE_CODE = YES;
				CLANG_WARN__DUPLICATE_METHOD_MATCH = YES;
				COPY_PHASE_STRIP = NO;
				DEBUG_INFORMATION_FORMAT = dwarf;
				ENABLE_STRICT_OBJC_MSGSEND = YES;
				ENABLE_TESTABILITY = YES;
				GCC_C_LANGUAGE_STANDARD = gnu11;
				GCC_DYNAMIC_NO_PIC = NO;
				GCC_NO_COMMON_BLOCKS = YES;
				GCC_OPTIMIZATION_LEVEL = 0;
				GCC_PREPROCESSOR_DEFINITIONS = (
					"DEBUG=1",
					"$(inherited)",
				);
				GCC_WARN_64_TO_32_BIT_CONVERSION = YES;
				GCC_WARN_ABOUT_RETURN_TYPE = YES_ERROR;
				GCC_WARN_UNDECLARED_SELECTOR = YES;
				GCC_WARN_UNINITIALIZED_AUTOS = YES_AGGRESSIVE;
				GCC_WARN_UNUSED_FUNCTION = YES;
				GCC_WARN_UNUSED_VARIABLE = YES;
				IPHONEOS_DEPLOYMENT_TARGET = 13.4;
				MTL_ENABLE_DEBUG_INFO = INCLUDE_SOURCE;
				MTL_FAST_MATH = YES;
				ONLY_ACTIVE_ARCH = YES;
				SDKROOT = iphoneos;
				SWIFT_ACTIVE_COMPILATION_CONDITIONS = DEBUG;
				SWIFT_OPTIMIZATION_LEVEL = "-Onone";
			};
			name = Debug;
		};
		449AA5322A97E877008D8D8E /* Release */ = {
			isa = XCBuildConfiguration;
			buildSettings = {
				ALWAYS_SEARCH_USER_PATHS = NO;
				CLANG_ANALYZER_NONNULL = YES;
				CLANG_ANALYZER_NUMBER_OBJECT_CONVERSION = YES_AGGRESSIVE;
				CLANG_CXX_LANGUAGE_STANDARD = "gnu++20";
				CLANG_ENABLE_MODULES = YES;
				CLANG_ENABLE_OBJC_ARC = YES;
				CLANG_ENABLE_OBJC_WEAK = YES;
				CLANG_WARN_BLOCK_CAPTURE_AUTORELEASING = YES;
				CLANG_WARN_BOOL_CONVERSION = YES;
				CLANG_WARN_COMMA = YES;
				CLANG_WARN_CONSTANT_CONVERSION = YES;
				CLANG_WARN_DEPRECATED_OBJC_IMPLEMENTATIONS = YES;
				CLANG_WARN_DIRECT_OBJC_ISA_USAGE = YES_ERROR;
				CLANG_WARN_DOCUMENTATION_COMMENTS = YES;
				CLANG_WARN_EMPTY_BODY = YES;
				CLANG_WARN_ENUM_CONVERSION = YES;
				CLANG_WARN_INFINITE_RECURSION = YES;
				CLANG_WARN_INT_CONVERSION = YES;
				CLANG_WARN_NON_LITERAL_NULL_CONVERSION = YES;
				CLANG_WARN_OBJC_IMPLICIT_RETAIN_SELF = YES;
				CLANG_WARN_OBJC_LITERAL_CONVERSION = YES;
				CLANG_WARN_OBJC_ROOT_CLASS = YES_ERROR;
				CLANG_WARN_QUOTED_INCLUDE_IN_FRAMEWORK_HEADER = YES;
				CLANG_WARN_RANGE_LOOP_ANALYSIS = YES;
				CLANG_WARN_STRICT_PROTOTYPES = YES;
				CLANG_WARN_SUSPICIOUS_MOVE = YES;
				CLANG_WARN_UNGUARDED_AVAILABILITY = YES_AGGRESSIVE;
				CLANG_WARN_UNREACHABLE_CODE = YES;
				CLANG_WARN__DUPLICATE_METHOD_MATCH = YES;
				COPY_PHASE_STRIP = NO;
				DEBUG_INFORMATION_FORMAT = "dwarf-with-dsym";
				ENABLE_NS_ASSERTIONS = NO;
				ENABLE_STRICT_OBJC_MSGSEND = YES;
				GCC_C_LANGUAGE_STANDARD = gnu11;
				GCC_NO_COMMON_BLOCKS = YES;
				GCC_WARN_64_TO_32_BIT_CONVERSION = YES;
				GCC_WARN_ABOUT_RETURN_TYPE = YES_ERROR;
				GCC_WARN_UNDECLARED_SELECTOR = YES;
				GCC_WARN_UNINITIALIZED_AUTOS = YES_AGGRESSIVE;
				GCC_WARN_UNUSED_FUNCTION = YES;
				GCC_WARN_UNUSED_VARIABLE = YES;
				IPHONEOS_DEPLOYMENT_TARGET = 13.4;
				MTL_ENABLE_DEBUG_INFO = NO;
				MTL_FAST_MATH = YES;
				SDKROOT = iphoneos;
				SWIFT_COMPILATION_MODE = wholemodule;
				SWIFT_OPTIMIZATION_LEVEL = "-O";
				VALIDATE_PRODUCT = YES;
			};
			name = Release;
		};
		449AA5342A97E877008D8D8E /* Debug */ = {
			isa = XCBuildConfiguration;
			buildSettings = {
				ASSETCATALOG_COMPILER_APPICON_NAME = AppIcon;
				ASSETCATALOG_COMPILER_GLOBAL_ACCENT_COLOR_NAME = AccentColor;
				CODE_SIGN_STYLE = Automatic;
				CURRENT_PROJECT_VERSION = 1;
				DEVELOPMENT_TEAM = NU9QMJ4324;
				GENERATE_INFOPLIST_FILE = YES;
				INFOPLIST_FILE = Tracker/Info.plist;
				INFOPLIST_KEY_UIApplicationSupportsIndirectInputEvents = YES;
				INFOPLIST_KEY_UILaunchStoryboardName = LaunchScreen;
				INFOPLIST_KEY_UISupportedInterfaceOrientations = UIInterfaceOrientationPortrait;
				INFOPLIST_KEY_UISupportedInterfaceOrientations_iPad = "UIInterfaceOrientationLandscapeLeft UIInterfaceOrientationLandscapeRight UIInterfaceOrientationPortrait UIInterfaceOrientationPortraitUpsideDown";
				IPHONEOS_DEPLOYMENT_TARGET = 13.4;
				LD_RUNPATH_SEARCH_PATHS = (
					"$(inherited)",
					"@executable_path/Frameworks",
				);
				MARKETING_VERSION = 1.0;
				PRODUCT_BUNDLE_IDENTIFIER = ru.eugene.kolesnikov.Tracker;
				PRODUCT_NAME = "$(TARGET_NAME)";
				SUPPORTED_PLATFORMS = "iphoneos iphonesimulator";
				SUPPORTS_MACCATALYST = NO;
				SUPPORTS_MAC_DESIGNED_FOR_IPHONE_IPAD = NO;
				SWIFT_EMIT_LOC_STRINGS = YES;
				SWIFT_VERSION = 5.0;
				TARGETED_DEVICE_FAMILY = 1;
			};
			name = Debug;
		};
		449AA5352A97E877008D8D8E /* Release */ = {
			isa = XCBuildConfiguration;
			buildSettings = {
				ASSETCATALOG_COMPILER_APPICON_NAME = AppIcon;
				ASSETCATALOG_COMPILER_GLOBAL_ACCENT_COLOR_NAME = AccentColor;
				CODE_SIGN_STYLE = Automatic;
				CURRENT_PROJECT_VERSION = 1;
				DEVELOPMENT_TEAM = NU9QMJ4324;
				GENERATE_INFOPLIST_FILE = YES;
				INFOPLIST_FILE = Tracker/Info.plist;
				INFOPLIST_KEY_UIApplicationSupportsIndirectInputEvents = YES;
				INFOPLIST_KEY_UILaunchStoryboardName = LaunchScreen;
				INFOPLIST_KEY_UISupportedInterfaceOrientations = UIInterfaceOrientationPortrait;
				INFOPLIST_KEY_UISupportedInterfaceOrientations_iPad = "UIInterfaceOrientationLandscapeLeft UIInterfaceOrientationLandscapeRight UIInterfaceOrientationPortrait UIInterfaceOrientationPortraitUpsideDown";
				IPHONEOS_DEPLOYMENT_TARGET = 13.4;
				LD_RUNPATH_SEARCH_PATHS = (
					"$(inherited)",
					"@executable_path/Frameworks",
				);
				MARKETING_VERSION = 1.0;
				PRODUCT_BUNDLE_IDENTIFIER = ru.eugene.kolesnikov.Tracker;
				PRODUCT_NAME = "$(TARGET_NAME)";
				SUPPORTED_PLATFORMS = "iphoneos iphonesimulator";
				SUPPORTS_MACCATALYST = NO;
				SUPPORTS_MAC_DESIGNED_FOR_IPHONE_IPAD = NO;
				SWIFT_EMIT_LOC_STRINGS = YES;
				SWIFT_VERSION = 5.0;
				TARGETED_DEVICE_FAMILY = 1;
			};
			name = Release;
		};
/* End XCBuildConfiguration section */

/* Begin XCConfigurationList section */
		449AA51A2A97E876008D8D8E /* Build configuration list for PBXProject "Tracker" */ = {
			isa = XCConfigurationList;
			buildConfigurations = (
				449AA5312A97E877008D8D8E /* Debug */,
				449AA5322A97E877008D8D8E /* Release */,
			);
			defaultConfigurationIsVisible = 0;
			defaultConfigurationName = Release;
		};
		449AA5332A97E877008D8D8E /* Build configuration list for PBXNativeTarget "Tracker" */ = {
			isa = XCConfigurationList;
			buildConfigurations = (
				449AA5342A97E877008D8D8E /* Debug */,
				449AA5352A97E877008D8D8E /* Release */,
			);
			defaultConfigurationIsVisible = 0;
			defaultConfigurationName = Release;
		};
/* End XCConfigurationList section */

/* Begin XCVersionGroup section */
		44D91E3F2ABAECDD00BAB467 /* TrackerCoreDataModel.xcdatamodeld */ = {
			isa = XCVersionGroup;
			children = (
				44D91E402ABAECDD00BAB467 /* TrackerCoreDataModel.xcdatamodel */,
			);
			currentVersion = 44D91E402ABAECDD00BAB467 /* TrackerCoreDataModel.xcdatamodel */;
			path = TrackerCoreDataModel.xcdatamodeld;
			sourceTree = "<group>";
			versionGroupType = wrapper.xcdatamodel;
		};
/* End XCVersionGroup section */
	};
	rootObject = 449AA5172A97E876008D8D8E /* Project object */;
}
